PODS:
  - FlybitsConciergeSDK (3.3.2):
    - FlybitsContextSDK (= 3.3.2)
    - FlybitsKernelSDK (= 3.3.2)
    - FlybitsPushSDK (= 3.3.2)
    - FlybitsSDK (= 3.3.2)
  - FlybitsContextLocationPluginSDK (3.3.2):
    - FlybitsContextSDK (= 3.3.2)
    - FlybitsSDK (= 3.3.2)
  - FlybitsContextSDK (3.3.2):
    - FlybitsSDK (= 3.3.2)
  - FlybitsKernelSDK (3.3.2):
    - FlybitsSDK (= 3.3.2)
  - FlybitsPushSDK (3.3.2):
    - FlybitsSDK (= 3.3.2)
  - FlybitsSDK (3.3.2)
  - FlybitsSmartRewardsSDK (3.3.2):
    - FlybitsConciergeSDK (= 3.3.2)

DEPENDENCIES:
  - FlybitsConciergeSDK
  - FlybitsContextLocationPluginSDK
  - FlybitsSmartRewardsSDK

SPEC REPOS:
  https://github.com/flybits/Spec-Xcode-11.4.1.git:
    - FlybitsConciergeSDK
    - FlybitsContextLocationPluginSDK
    - FlybitsContextSDK
    - FlybitsKernelSDK
    - FlybitsPushSDK
    - FlybitsSDK
    - FlybitsSmartRewardsSDK

SPEC CHECKSUMS:
  FlybitsConciergeSDK: fa3437b1b318edb4e33cf5aca6568ea2bb93551a
  FlybitsContextLocationPluginSDK: 957ac3217e5ca3bbe69a721b8b6b90325855630f
  FlybitsContextSDK: 9961943f9eae68666a4f8e05c3d436988c619f87
  FlybitsKernelSDK: 1a5e26ea467bdf362b5533e6ae5eb2b40fa3b60c
  FlybitsPushSDK: a1b081ed4b22e4276c58615c8bb9f8c45e630aa8
  FlybitsSDK: 000042947991050d62c55e9c4b42e46fc1da3c26
  FlybitsSmartRewardsSDK: 8897c677bf990b454dbc409f2578750ff6c5aa21

PODFILE CHECKSUM: a25c590a9da4724f6b441680dbd4637fb533b4bb

COCOAPODS: 1.9.1
